
Microsoft Visual Studio Solution File, Format Version 12.00
# Visual Studio 15
VisualStudioVersion = 15.0.27130.2027
MinimumVisualStudioVersion = 10.0.40219.1
Project("{FAE04EC0-301F-11D3-BF4B-00C04F79EFBC}") = "RTSGame", "RTSGame\RTSGame.csproj", "{C6179AEF-C50C-4092-BD66-A18B79598211}"
EndProject
Global
	GlobalSection(SolutionConfigurationPlatforms) = preSolution
		Debug|Any CPU = Debug|Any CPU
		Release|Any CPU = Release|Any CPU
	EndGlobalSection
	GlobalSection(ProjectConfigurationPlatforms) = postSolution
		{C6179AEF-C50C-4092-BD66-A18B79598211}.Debug|Any CPU.ActiveCfg = Debug|Any CPU
		{C6179AEF-C50C-4092-BD66-A18B79598211}.Debug|Any CPU.Build.0 = Debug|Any CPU
		{C6179AEF-C50C-4092-BD66-A18B79598211}.Release|Any CPU.ActiveCfg = Release|Any CPU
		{C6179AEF-C50C-4092-BD66-A18B79598211}.Release|Any CPU.Build.0 = Release|Any CPU
	EndGlobalSection
	GlobalSection(SolutionProperties) = preSolution
		HideSolutionNode = FALSE
	EndGlobalSection
	GlobalSection(ExtensibilityGlobals) = postSolution
		SolutionGuid = {D54933D0-743F-43DF-8AAC-EA79DF43CDA0}
	EndGlobalSection
EndGlobal
